
Microsoft Visual Studio Solution File, Format Version 12.00
# Visual Studio Version 17
VisualStudioVersion = 17.13.35931.197
MinimumVisualStudioVersion = 10.0.40219.1
Project("{FAE04EC0-301F-11D3-BF4B-00C04F79EFBC}") = "FO_Admin_Setup", "FO_Admin_Setup\FO_Admin_Setup.csproj", "{F7364DAB-E0BE-4AF0-8AE4-75D8E84FADF7}"
EndProject
Global
	GlobalSection(SolutionConfigurationPlatforms) = preSolution
		Debug|Any CPU = Debug|Any CPU
		Release|Any CPU = Release|Any CPU
	EndGlobalSection
	GlobalSection(ProjectConfigurationPlatforms) = postSolution
		{F7364DAB-E0BE-4AF0-8AE4-75D8E84FADF7}.Debug|Any CPU.ActiveCfg = Debug|Any CPU
		{F7364DAB-E0BE-4AF0-8AE4-75D8E84FADF7}.Debug|Any CPU.Build.0 = Debug|Any CPU
		{F7364DAB-E0BE-4AF0-8AE4-75D8E84FADF7}.Release|Any CPU.ActiveCfg = Release|Any CPU
		{F7364DAB-E0BE-4AF0-8AE4-75D8E84FADF7}.Release|Any CPU.Build.0 = Release|Any CPU
	EndGlobalSection
	GlobalSection(SolutionProperties) = preSolution
		HideSolutionNode = FALSE
	EndGlobalSection
	GlobalSection(ExtensibilityGlobals) = postSolution
		SolutionGuid = {B7558FF4-E598-4B15-A5B5-6098790FA681}
	EndGlobalSection
EndGlobal
